
Microsoft Visual Studio Solution File, Format Version 12.00
# Visual Studio Version 17
VisualStudioVersion = 17.8.34330.188
MinimumVisualStudioVersion = 10.0.40219.1
Project("{FAE04EC0-301F-11D3-BF4B-00C04F79EFBC}") = "series-number", "series-number\series-number.csproj", "{9E90902C-B169-499E-9941-16A7EAA21403}"
EndProject
Global
	GlobalSection(SolutionConfigurationPlatforms) = preSolution
		Debug|Any CPU = Debug|Any CPU
		Release|Any CPU = Release|Any CPU
	EndGlobalSection
	GlobalSection(ProjectConfigurationPlatforms) = postSolution
		{9E90902C-B169-499E-9941-16A7EAA21403}.Debug|Any CPU.ActiveCfg = Debug|Any CPU
		{9E90902C-B169-499E-9941-16A7EAA21403}.Debug|Any CPU.Build.0 = Debug|Any CPU
		{9E90902C-B169-499E-9941-16A7EAA21403}.Release|Any CPU.ActiveCfg = Release|Any CPU
		{9E90902C-B169-499E-9941-16A7EAA21403}.Release|Any CPU.Build.0 = Release|Any CPU
	EndGlobalSection
	GlobalSection(SolutionProperties) = preSolution
		HideSolutionNode = FALSE
	EndGlobalSection
	GlobalSection(ExtensibilityGlobals) = postSolution
		SolutionGuid = {09F18827-6C45-47A4-846E-DB552E260BF0}
	EndGlobalSection
EndGlobal
